
Microsoft Visual Studio Solution File, Format Version 12.00
# Visual Studio 2013
VisualStudioVersion = 12.0.31101.0
MinimumVisualStudioVersion = 10.0.40219.1
Project("{FAE04EC0-301F-11D3-BF4B-00C04F79EFBC}") = "UmbracoIdentity.OAuth.Web", "UmbracoIdentity.OAuth.Web\UmbracoIdentity.OAuth.Web.csproj", "{9B0EDDD2-266D-453C-B7E1-6C6FA837BB9D}"
EndProject
Project("{2150E333-8FDC-42A3-9474-1A3956D46DE8}") = ".nuget", ".nuget", "{6D2701E4-0DF0-4C14-9355-26485196B0C9}"
	ProjectSection(SolutionItems) = preProject
		.nuget\NuGet.Config = .nuget\NuGet.Config
		.nuget\NuGet.exe = .nuget\NuGet.exe
		.nuget\NuGet.targets = .nuget\NuGet.targets
	EndProjectSection
EndProject
Project("{FAE04EC0-301F-11D3-BF4B-00C04F79EFBC}") = "UmbracoIdentity.OAuth", "UmbracoIdentity.OAuth\UmbracoIdentity.OAuth.csproj", "{A1EFEBF3-3760-4344-BB50-A9245EA95416}"
EndProject
Global
	GlobalSection(SolutionConfigurationPlatforms) = preSolution
		Debug|Any CPU = Debug|Any CPU
		Release|Any CPU = Release|Any CPU
	EndGlobalSection
	GlobalSection(ProjectConfigurationPlatforms) = postSolution
		{9B0EDDD2-266D-453C-B7E1-6C6FA837BB9D}.Debug|Any CPU.ActiveCfg = Debug|Any CPU
		{9B0EDDD2-266D-453C-B7E1-6C6FA837BB9D}.Debug|Any CPU.Build.0 = Debug|Any CPU
		{9B0EDDD2-266D-453C-B7E1-6C6FA837BB9D}.Release|Any CPU.ActiveCfg = Release|Any CPU
		{9B0EDDD2-266D-453C-B7E1-6C6FA837BB9D}.Release|Any CPU.Build.0 = Release|Any CPU
		{A1EFEBF3-3760-4344-BB50-A9245EA95416}.Debug|Any CPU.ActiveCfg = Debug|Any CPU
		{A1EFEBF3-3760-4344-BB50-A9245EA95416}.Debug|Any CPU.Build.0 = Debug|Any CPU
		{A1EFEBF3-3760-4344-BB50-A9245EA95416}.Release|Any CPU.ActiveCfg = Release|Any CPU
		{A1EFEBF3-3760-4344-BB50-A9245EA95416}.Release|Any CPU.Build.0 = Release|Any CPU
	EndGlobalSection
	GlobalSection(SolutionProperties) = preSolution
		HideSolutionNode = FALSE
	EndGlobalSection
EndGlobal
